
Microsoft Visual Studio Solution File, Format Version 12.00
# Visual Studio 2012
Project("{8BC9CEB8-8B4A-11D0-8D11-00A0C91BC942}") = "Yatzee Game", "Yatzee Game\Yatzee Game.vcxproj", "{57BAB319-0C93-4E5C-A3E5-65811F030A3B}"
EndProject
Global
	GlobalSection(SolutionConfigurationPlatforms) = preSolution
		Debug|Win32 = Debug|Win32
		Release|Win32 = Release|Win32
	EndGlobalSection
	GlobalSection(ProjectConfigurationPlatforms) = postSolution
		{57BAB319-0C93-4E5C-A3E5-65811F030A3B}.Debug|Win32.ActiveCfg = Debug|Win32
		{57BAB319-0C93-4E5C-A3E5-65811F030A3B}.Debug|Win32.Build.0 = Debug|Win32
		{57BAB319-0C93-4E5C-A3E5-65811F030A3B}.Release|Win32.ActiveCfg = Release|Win32
		{57BAB319-0C93-4E5C-A3E5-65811F030A3B}.Release|Win32.Build.0 = Release|Win32
	EndGlobalSection
	GlobalSection(SolutionProperties) = preSolution
		HideSolutionNode = FALSE
	EndGlobalSection
EndGlobal
